
Microsoft Visual Studio Solution File, Format Version 12.00
# Visual Studio Version 17
VisualStudioVersion = 17.2.32616.157
MinimumVisualStudioVersion = 10.0.40219.1
Project("{FAE04EC0-301F-11D3-BF4B-00C04F79EFBC}") = "Objects", "Objects\Objects.csproj", "{A419178D-8168-4C07-A89C-1EFB890A81CA}"
EndProject
Global
	GlobalSection(SolutionConfigurationPlatforms) = preSolution
		Debug|Any CPU = Debug|Any CPU
		Release|Any CPU = Release|Any CPU
	EndGlobalSection
	GlobalSection(ProjectConfigurationPlatforms) = postSolution
		{A419178D-8168-4C07-A89C-1EFB890A81CA}.Debug|Any CPU.ActiveCfg = Debug|Any CPU
		{A419178D-8168-4C07-A89C-1EFB890A81CA}.Debug|Any CPU.Build.0 = Debug|Any CPU
		{A419178D-8168-4C07-A89C-1EFB890A81CA}.Release|Any CPU.ActiveCfg = Release|Any CPU
		{A419178D-8168-4C07-A89C-1EFB890A81CA}.Release|Any CPU.Build.0 = Release|Any CPU
	EndGlobalSection
	GlobalSection(SolutionProperties) = preSolution
		HideSolutionNode = FALSE
	EndGlobalSection
	GlobalSection(ExtensibilityGlobals) = postSolution
		SolutionGuid = {80805B3B-3658-4399-8816-21D3FED8D2A6}
	EndGlobalSection
EndGlobal
